
Microsoft Visual Studio Solution File, Format Version 12.00
# Visual Studio Version 16
VisualStudioVersion = 16.0.33130.400
MinimumVisualStudioVersion = 10.0.40219.1
Project("{FAE04EC0-301F-11D3-BF4B-00C04F79EFBC}") = "LocalMaximum", "LocalMaximum\LocalMaximum.csproj", "{77894595-52E7-4FE1-B6CB-25114997F3C6}"
EndProject
Global
	GlobalSection(SolutionConfigurationPlatforms) = preSolution
		Debug|Any CPU = Debug|Any CPU
		Release|Any CPU = Release|Any CPU
	EndGlobalSection
	GlobalSection(ProjectConfigurationPlatforms) = postSolution
		{77894595-52E7-4FE1-B6CB-25114997F3C6}.Debug|Any CPU.ActiveCfg = Debug|Any CPU
		{77894595-52E7-4FE1-B6CB-25114997F3C6}.Debug|Any CPU.Build.0 = Debug|Any CPU
		{77894595-52E7-4FE1-B6CB-25114997F3C6}.Release|Any CPU.ActiveCfg = Release|Any CPU
		{77894595-52E7-4FE1-B6CB-25114997F3C6}.Release|Any CPU.Build.0 = Release|Any CPU
	EndGlobalSection
	GlobalSection(SolutionProperties) = preSolution
		HideSolutionNode = FALSE
	EndGlobalSection
	GlobalSection(ExtensibilityGlobals) = postSolution
		SolutionGuid = {733B40BB-45D9-4005-AF9E-096CE2883D23}
	EndGlobalSection
EndGlobal
